github.com/hugomods/lucide-icons v0.288.0 h1:TmjBvRXRPFKScQXKfkFqrG0Tin/At3gKzIQ6TS7dNMQ=
github.com/hugomods/lucide-icons v0.288.0/go.mod h1:7loUmJrnD5umJ2sWSCb3AffZt0fYnSc1I+yBRjgHgw8=
github.com/hugomods/lucide-icons v0.289.0/go.mod h1:7loUmJrnD5umJ2sWSCb3AffZt0fYnSc1I+yBRjgHgw8=
github.com/hugomods/lucide-icons v0.290.0/go.mod h1:7loUmJrnD5umJ2sWSCb3AffZt0fYnSc1I+yBRjgHgw8=
github.com/hugomods/lucide-icons v0.291.0/go.mod h1:7loUmJrnD5umJ2sWSCb3AffZt0fYnSc1I+yBRjgHgw8=
github.com/hugomods/lucide-icons v0.293.0/go.mod h1:7loUmJrnD5umJ2sWSCb3AffZt0fYnSc1I+yBRjgHgw8=
github.com/hugomods/lucide-icons v0.294.0/go.mod h1:7loUmJrnD5umJ2sWSCb3AffZt0fYnSc1I+yBRjgHgw8=
github.com/hugomods/lucide-icons v0.295.0/go.mod h1:7loUmJrnD5umJ2sWSCb3AffZt0fYnSc1I+yBRjgHgw8=
github.com/hugomods/lucide-icons v0.296.0/go.mod h1:7loUmJrnD5umJ2sWSCb3AffZt0fYnSc1I+yBRjgHgw8=
github.com/hugomods/lucide-icons v0.298.0/go.mod h1:7loUmJrnD5umJ2sWSCb3AffZt0fYnSc1I+yBRjgHgw8=
github.com/hugomods/lucide-icons v0.300.0/go.mod h1:7loUmJrnD5umJ2sWSCb3AffZt0fYnSc1I+yBRjgHgw8=
github.com/hugomods/lucide-icons v0.303.0/go.mod h1:7loUmJrnD5umJ2sWSCb3AffZt0fYnSc1I+yBRjgHgw8=
github.com/hugomods/lucide-icons v0.304.0/go.mod h1:7loUmJrnD5umJ2sWSCb3AffZt0fYnSc1I+yBRjgHgw8=
github.com/hugomods/lucide-icons v0.309.0/go.mod h1:7loUmJrnD5umJ2sWSCb3AffZt0fYnSc1I+yBRjgHgw8=
github.com/hugomods/lucide-icons v0.310.0/go.mod h1:7loUmJrnD5umJ2sWSCb3AffZt0fYnSc1I+yBRjgHgw8=
github.com/hugomods/lucide-icons v0.322.0/go.mod h1:7loUmJrnD5umJ2sWSCb3AffZt0fYnSc1I+yBRjgHgw8=
github.com/hugomods/lucide-icons v0.331.0/go.mod h1:7loUmJrnD5umJ2sWSCb3AffZt0fYnSc1I+yBRjgHgw8=
github.com/Templarian/MaterialDesign-SVG v7.2.96+incompatible h1:DZ/Vtkp86XyQNn7u44hfX+nQq7wVF/3OERFzlp6nJV0=
github.com/Templarian/MaterialDesign-SVG v7.2.96+incompatible/go.mod h1:SRSiaLOZazGp4UpKPQRm37h4A3cKLHXaybAqaJ7Lfx8=
github.com/Templarian/MaterialDesign-SVG v7.3.67+incompatible/go.mod h1:SRSiaLOZazGp4UpKPQRm37h4A3cKLHXaybAqaJ7Lfx8=
github.com/Templarian/MaterialDesign-SVG v7.4.47+incompatible/go.mod h1:SRSiaLOZazGp4UpKPQRm37h4A3cKLHXaybAqaJ7Lfx8=